
Microsoft Visual Studio Solution File, Format Version 12.00
Project("{FAE04EC0-301F-11D3-BF4B-00C04F79EFBC}") = "Frases.RestApi", "Frases.RestApi\Frases.RestApi.csproj", "{2DCD20A7-0F95-4CA3-A546-1261994CD6FA}"
EndProject
Global
	GlobalSection(SolutionConfigurationPlatforms) = preSolution
		Debug|Any CPU = Debug|Any CPU
		Release|Any CPU = Release|Any CPU
	EndGlobalSection
	GlobalSection(ProjectConfigurationPlatforms) = postSolution
		{2DCD20A7-0F95-4CA3-A546-1261994CD6FA}.Debug|Any CPU.ActiveCfg = Debug|Any CPU
		{2DCD20A7-0F95-4CA3-A546-1261994CD6FA}.Debug|Any CPU.Build.0 = Debug|Any CPU
		{2DCD20A7-0F95-4CA3-A546-1261994CD6FA}.Release|Any CPU.ActiveCfg = Release|Any CPU
		{2DCD20A7-0F95-4CA3-A546-1261994CD6FA}.Release|Any CPU.Build.0 = Release|Any CPU
	EndGlobalSection
EndGlobal
